
Microsoft Visual Studio Solution File, Format Version 12.00
# Visual Studio Version 16
VisualStudioVersion = 16.0.29411.108
MinimumVisualStudioVersion = 10.0.40219.1
Project("{FAE04EC0-301F-11D3-BF4B-00C04F79EFBC}") = "Stack", "Stack\Stack.csproj", "{427A3F7F-E958-4D2B-9F19-6615F2B2235D}"
EndProject
Global
	GlobalSection(SolutionConfigurationPlatforms) = preSolution
		Debug|Any CPU = Debug|Any CPU
		Release|Any CPU = Release|Any CPU
	EndGlobalSection
	GlobalSection(ProjectConfigurationPlatforms) = postSolution
		{427A3F7F-E958-4D2B-9F19-6615F2B2235D}.Debug|Any CPU.ActiveCfg = Debug|Any CPU
		{427A3F7F-E958-4D2B-9F19-6615F2B2235D}.Debug|Any CPU.Build.0 = Debug|Any CPU
		{427A3F7F-E958-4D2B-9F19-6615F2B2235D}.Release|Any CPU.ActiveCfg = Release|Any CPU
		{427A3F7F-E958-4D2B-9F19-6615F2B2235D}.Release|Any CPU.Build.0 = Release|Any CPU
	EndGlobalSection
	GlobalSection(SolutionProperties) = preSolution
		HideSolutionNode = FALSE
	EndGlobalSection
	GlobalSection(ExtensibilityGlobals) = postSolution
		SolutionGuid = {1D68A67C-ECCE-479C-A208-4FF48CEF688A}
	EndGlobalSection
EndGlobal
