
Microsoft Visual Studio Solution File, Format Version 12.00
# Visual Studio Version 16
VisualStudioVersion = 16.0.29102.190
MinimumVisualStudioVersion = 10.0.40219.1
Project("{FAE04EC0-301F-11D3-BF4B-00C04F79EFBC}") = "Escape Sequences", "Escape Sequences\Escape Sequences.csproj", "{93F82D1E-C7AD-4AAF-B02D-E6FBE92D0D6E}"
EndProject
Global
	GlobalSection(SolutionConfigurationPlatforms) = preSolution
		Debug|Any CPU = Debug|Any CPU
		Release|Any CPU = Release|Any CPU
	EndGlobalSection
	GlobalSection(ProjectConfigurationPlatforms) = postSolution
		{93F82D1E-C7AD-4AAF-B02D-E6FBE92D0D6E}.Debug|Any CPU.ActiveCfg = Debug|Any CPU
		{93F82D1E-C7AD-4AAF-B02D-E6FBE92D0D6E}.Debug|Any CPU.Build.0 = Debug|Any CPU
		{93F82D1E-C7AD-4AAF-B02D-E6FBE92D0D6E}.Release|Any CPU.ActiveCfg = Release|Any CPU
		{93F82D1E-C7AD-4AAF-B02D-E6FBE92D0D6E}.Release|Any CPU.Build.0 = Release|Any CPU
	EndGlobalSection
	GlobalSection(SolutionProperties) = preSolution
		HideSolutionNode = FALSE
	EndGlobalSection
	GlobalSection(ExtensibilityGlobals) = postSolution
		SolutionGuid = {0F2BE195-240A-4476-8965-B63564F19718}
	EndGlobalSection
EndGlobal
