
Microsoft Visual Studio Solution File, Format Version 12.00
# Visual Studio Version 16
VisualStudioVersion = 16.0.29411.108
MinimumVisualStudioVersion = 10.0.40219.1
Project("{FAE04EC0-301F-11D3-BF4B-00C04F79EFBC}") = "Nov19", "Nov19\Nov19.csproj", "{2054AC25-ABCB-496B-BF00-A276BBFD95FA}"
EndProject
Global
	GlobalSection(SolutionConfigurationPlatforms) = preSolution
		Debug|Any CPU = Debug|Any CPU
		Release|Any CPU = Release|Any CPU
	EndGlobalSection
	GlobalSection(ProjectConfigurationPlatforms) = postSolution
		{2054AC25-ABCB-496B-BF00-A276BBFD95FA}.Debug|Any CPU.ActiveCfg = Debug|Any CPU
		{2054AC25-ABCB-496B-BF00-A276BBFD95FA}.Debug|Any CPU.Build.0 = Debug|Any CPU
		{2054AC25-ABCB-496B-BF00-A276BBFD95FA}.Release|Any CPU.ActiveCfg = Release|Any CPU
		{2054AC25-ABCB-496B-BF00-A276BBFD95FA}.Release|Any CPU.Build.0 = Release|Any CPU
	EndGlobalSection
	GlobalSection(SolutionProperties) = preSolution
		HideSolutionNode = FALSE
	EndGlobalSection
	GlobalSection(ExtensibilityGlobals) = postSolution
		SolutionGuid = {9DA54BA6-617A-4C41-94E1-F3CD385F6699}
	EndGlobalSection
EndGlobal
