
Microsoft Visual Studio Solution File, Format Version 12.00
# Visual Studio Version 16
VisualStudioVersion = 16.0.29411.108
MinimumVisualStudioVersion = 10.0.40219.1
Project("{FAE04EC0-301F-11D3-BF4B-00C04F79EFBC}") = "WpfApp", "WpfApp\WpfApp.csproj", "{422740B9-CEBF-4E7C-BCFD-A159E03B0D81}"
EndProject
Global
	GlobalSection(SolutionConfigurationPlatforms) = preSolution
		Debug|Any CPU = Debug|Any CPU
		Release|Any CPU = Release|Any CPU
	EndGlobalSection
	GlobalSection(ProjectConfigurationPlatforms) = postSolution
		{422740B9-CEBF-4E7C-BCFD-A159E03B0D81}.Debug|Any CPU.ActiveCfg = Debug|Any CPU
		{422740B9-CEBF-4E7C-BCFD-A159E03B0D81}.Debug|Any CPU.Build.0 = Debug|Any CPU
		{422740B9-CEBF-4E7C-BCFD-A159E03B0D81}.Release|Any CPU.ActiveCfg = Release|Any CPU
		{422740B9-CEBF-4E7C-BCFD-A159E03B0D81}.Release|Any CPU.Build.0 = Release|Any CPU
	EndGlobalSection
	GlobalSection(SolutionProperties) = preSolution
		HideSolutionNode = FALSE
	EndGlobalSection
	GlobalSection(ExtensibilityGlobals) = postSolution
		SolutionGuid = {954AAD43-A470-4835-BE6F-0CE0CDC99EC6}
	EndGlobalSection
EndGlobal
