
Microsoft Visual Studio Solution File, Format Version 12.00
# Visual Studio Version 16
VisualStudioVersion = 16.0.29102.190
MinimumVisualStudioVersion = 10.0.40219.1
Project("{FAE04EC0-301F-11D3-BF4B-00C04F79EFBC}") = "VendingMachine", "VendingMachine\VendingMachine.csproj", "{271E69CF-3C7F-4DEF-B5B9-896DDA7EF317}"
EndProject
Global
	GlobalSection(SolutionConfigurationPlatforms) = preSolution
		Debug|Any CPU = Debug|Any CPU
		Release|Any CPU = Release|Any CPU
	EndGlobalSection
	GlobalSection(ProjectConfigurationPlatforms) = postSolution
		{271E69CF-3C7F-4DEF-B5B9-896DDA7EF317}.Debug|Any CPU.ActiveCfg = Debug|Any CPU
		{271E69CF-3C7F-4DEF-B5B9-896DDA7EF317}.Debug|Any CPU.Build.0 = Debug|Any CPU
		{271E69CF-3C7F-4DEF-B5B9-896DDA7EF317}.Release|Any CPU.ActiveCfg = Release|Any CPU
		{271E69CF-3C7F-4DEF-B5B9-896DDA7EF317}.Release|Any CPU.Build.0 = Release|Any CPU
	EndGlobalSection
	GlobalSection(SolutionProperties) = preSolution
		HideSolutionNode = FALSE
	EndGlobalSection
	GlobalSection(ExtensibilityGlobals) = postSolution
		SolutionGuid = {72AF19EB-BE48-4CED-8239-FAACCFF26710}
	EndGlobalSection
EndGlobal
