
Microsoft Visual Studio Solution File, Format Version 12.00
# Visual Studio Version 16
VisualStudioVersion = 16.0.29102.190
MinimumVisualStudioVersion = 10.0.40219.1
Project("{FAE04EC0-301F-11D3-BF4B-00C04F79EFBC}") = "ConsolePiano", "ConsolePiano\ConsolePiano.csproj", "{AEE05F19-8E0E-4EFF-AC3A-834FAE4C0875}"
EndProject
Global
	GlobalSection(SolutionConfigurationPlatforms) = preSolution
		Debug|Any CPU = Debug|Any CPU
		Release|Any CPU = Release|Any CPU
	EndGlobalSection
	GlobalSection(ProjectConfigurationPlatforms) = postSolution
		{AEE05F19-8E0E-4EFF-AC3A-834FAE4C0875}.Debug|Any CPU.ActiveCfg = Debug|Any CPU
		{AEE05F19-8E0E-4EFF-AC3A-834FAE4C0875}.Debug|Any CPU.Build.0 = Debug|Any CPU
		{AEE05F19-8E0E-4EFF-AC3A-834FAE4C0875}.Release|Any CPU.ActiveCfg = Release|Any CPU
		{AEE05F19-8E0E-4EFF-AC3A-834FAE4C0875}.Release|Any CPU.Build.0 = Release|Any CPU
	EndGlobalSection
	GlobalSection(SolutionProperties) = preSolution
		HideSolutionNode = FALSE
	EndGlobalSection
	GlobalSection(ExtensibilityGlobals) = postSolution
		SolutionGuid = {427E548A-BFA1-4629-827F-246FFA013A0D}
	EndGlobalSection
EndGlobal
