
Microsoft Visual Studio Solution File, Format Version 12.00
# Visual Studio Version 16
VisualStudioVersion = 16.0.29102.190
MinimumVisualStudioVersion = 10.0.40219.1
Project("{FAE04EC0-301F-11D3-BF4B-00C04F79EFBC}") = "ComputerAI", "ComputerAI\ComputerAI.csproj", "{62353EA7-0F32-4518-96FF-F5F4F2AE90D2}"
EndProject
Global
	GlobalSection(SolutionConfigurationPlatforms) = preSolution
		Debug|Any CPU = Debug|Any CPU
		Release|Any CPU = Release|Any CPU
	EndGlobalSection
	GlobalSection(ProjectConfigurationPlatforms) = postSolution
		{62353EA7-0F32-4518-96FF-F5F4F2AE90D2}.Debug|Any CPU.ActiveCfg = Debug|Any CPU
		{62353EA7-0F32-4518-96FF-F5F4F2AE90D2}.Debug|Any CPU.Build.0 = Debug|Any CPU
		{62353EA7-0F32-4518-96FF-F5F4F2AE90D2}.Release|Any CPU.ActiveCfg = Release|Any CPU
		{62353EA7-0F32-4518-96FF-F5F4F2AE90D2}.Release|Any CPU.Build.0 = Release|Any CPU
	EndGlobalSection
	GlobalSection(SolutionProperties) = preSolution
		HideSolutionNode = FALSE
	EndGlobalSection
	GlobalSection(ExtensibilityGlobals) = postSolution
		SolutionGuid = {E1063716-B7B4-4098-A25B-FCB66BFF871C}
	EndGlobalSection
EndGlobal
