
Microsoft Visual Studio Solution File, Format Version 12.00
# Visual Studio Version 16
VisualStudioVersion = 16.0.29102.190
MinimumVisualStudioVersion = 10.0.40219.1
Project("{FAE04EC0-301F-11D3-BF4B-00C04F79EFBC}") = "GoogleAssistant", "GoogleAssistant\GoogleAssistant.csproj", "{ECA571E0-E522-4B8A-B643-A5024D5A9D84}"
EndProject
Global
	GlobalSection(SolutionConfigurationPlatforms) = preSolution
		Debug|Any CPU = Debug|Any CPU
		Release|Any CPU = Release|Any CPU
	EndGlobalSection
	GlobalSection(ProjectConfigurationPlatforms) = postSolution
		{ECA571E0-E522-4B8A-B643-A5024D5A9D84}.Debug|Any CPU.ActiveCfg = Debug|Any CPU
		{ECA571E0-E522-4B8A-B643-A5024D5A9D84}.Debug|Any CPU.Build.0 = Debug|Any CPU
		{ECA571E0-E522-4B8A-B643-A5024D5A9D84}.Release|Any CPU.ActiveCfg = Release|Any CPU
		{ECA571E0-E522-4B8A-B643-A5024D5A9D84}.Release|Any CPU.Build.0 = Release|Any CPU
	EndGlobalSection
	GlobalSection(SolutionProperties) = preSolution
		HideSolutionNode = FALSE
	EndGlobalSection
	GlobalSection(ExtensibilityGlobals) = postSolution
		SolutionGuid = {D666ABDA-0FA9-4EE3-9232-2167BAD39D70}
	EndGlobalSection
EndGlobal
