
Microsoft Visual Studio Solution File, Format Version 12.00
# Visual Studio Version 16
VisualStudioVersion = 16.0.29102.190
MinimumVisualStudioVersion = 10.0.40219.1
Project("{FAE04EC0-301F-11D3-BF4B-00C04F79EFBC}") = "InClassFunctions", "InClassFunctions\InClassFunctions.csproj", "{50188648-1CDC-4092-B609-1A85E2406EA5}"
EndProject
Global
	GlobalSection(SolutionConfigurationPlatforms) = preSolution
		Debug|Any CPU = Debug|Any CPU
		Release|Any CPU = Release|Any CPU
	EndGlobalSection
	GlobalSection(ProjectConfigurationPlatforms) = postSolution
		{50188648-1CDC-4092-B609-1A85E2406EA5}.Debug|Any CPU.ActiveCfg = Debug|Any CPU
		{50188648-1CDC-4092-B609-1A85E2406EA5}.Debug|Any CPU.Build.0 = Debug|Any CPU
		{50188648-1CDC-4092-B609-1A85E2406EA5}.Release|Any CPU.ActiveCfg = Release|Any CPU
		{50188648-1CDC-4092-B609-1A85E2406EA5}.Release|Any CPU.Build.0 = Release|Any CPU
	EndGlobalSection
	GlobalSection(SolutionProperties) = preSolution
		HideSolutionNode = FALSE
	EndGlobalSection
	GlobalSection(ExtensibilityGlobals) = postSolution
		SolutionGuid = {EDF2FB8C-DEF1-431F-9689-AB21B3F2A8B2}
	EndGlobalSection
EndGlobal
