
Microsoft Visual Studio Solution File, Format Version 12.00
# Visual Studio Version 16
VisualStudioVersion = 16.0.29102.190
MinimumVisualStudioVersion = 10.0.40219.1
Project("{FAE04EC0-301F-11D3-BF4B-00C04F79EFBC}") = "SampleClass", "SampleClass\SampleClass.csproj", "{DE5A7730-B1D6-4D7F-841F-9C4F04BDAD27}"
EndProject
Global
	GlobalSection(SolutionConfigurationPlatforms) = preSolution
		Debug|Any CPU = Debug|Any CPU
		Release|Any CPU = Release|Any CPU
	EndGlobalSection
	GlobalSection(ProjectConfigurationPlatforms) = postSolution
		{DE5A7730-B1D6-4D7F-841F-9C4F04BDAD27}.Debug|Any CPU.ActiveCfg = Debug|Any CPU
		{DE5A7730-B1D6-4D7F-841F-9C4F04BDAD27}.Debug|Any CPU.Build.0 = Debug|Any CPU
		{DE5A7730-B1D6-4D7F-841F-9C4F04BDAD27}.Release|Any CPU.ActiveCfg = Release|Any CPU
		{DE5A7730-B1D6-4D7F-841F-9C4F04BDAD27}.Release|Any CPU.Build.0 = Release|Any CPU
	EndGlobalSection
	GlobalSection(SolutionProperties) = preSolution
		HideSolutionNode = FALSE
	EndGlobalSection
	GlobalSection(ExtensibilityGlobals) = postSolution
		SolutionGuid = {9BB0A86B-FFCF-4FE7-827F-E1D715AEFDC7}
	EndGlobalSection
EndGlobal
