
Microsoft Visual Studio Solution File, Format Version 12.00
# Visual Studio Version 16
VisualStudioVersion = 16.0.29411.108
MinimumVisualStudioVersion = 10.0.40219.1
Project("{FAE04EC0-301F-11D3-BF4B-00C04F79EFBC}") = "JosephExt", "JosephExt\JosephExt.csproj", "{249488B6-2C4C-42FE-9A8E-B4BDC1444AA5}"
EndProject
Global
	GlobalSection(SolutionConfigurationPlatforms) = preSolution
		Debug|Any CPU = Debug|Any CPU
		Release|Any CPU = Release|Any CPU
	EndGlobalSection
	GlobalSection(ProjectConfigurationPlatforms) = postSolution
		{249488B6-2C4C-42FE-9A8E-B4BDC1444AA5}.Debug|Any CPU.ActiveCfg = Debug|Any CPU
		{249488B6-2C4C-42FE-9A8E-B4BDC1444AA5}.Debug|Any CPU.Build.0 = Debug|Any CPU
		{249488B6-2C4C-42FE-9A8E-B4BDC1444AA5}.Release|Any CPU.ActiveCfg = Release|Any CPU
		{249488B6-2C4C-42FE-9A8E-B4BDC1444AA5}.Release|Any CPU.Build.0 = Release|Any CPU
	EndGlobalSection
	GlobalSection(SolutionProperties) = preSolution
		HideSolutionNode = FALSE
	EndGlobalSection
	GlobalSection(ExtensibilityGlobals) = postSolution
		SolutionGuid = {5B182716-B7A4-42F0-B9F7-B6437EB01E02}
	EndGlobalSection
EndGlobal
