
Microsoft Visual Studio Solution File, Format Version 12.00
# Visual Studio Version 16
VisualStudioVersion = 16.0.29411.108
MinimumVisualStudioVersion = 10.0.40219.1
Project("{FAE04EC0-301F-11D3-BF4B-00C04F79EFBC}") = "CoreBot", "CoreBot\CoreBot\CoreBot.csproj", "{F09EAB4D-A9C0-4D5C-B97F-0A40EFF87266}"
EndProject
Project("{FAE04EC0-301F-11D3-BF4B-00C04F79EFBC}") = "CoreBot.Tests", "CoreBot\CoreBot.Tests\CoreBot.Tests.csproj", "{3B7A10F5-6917-40FD-8494-0FB21FAF175B}"
EndProject
Global
	GlobalSection(SolutionConfigurationPlatforms) = preSolution
		Debug|Any CPU = Debug|Any CPU
		Release|Any CPU = Release|Any CPU
	EndGlobalSection
	GlobalSection(ProjectConfigurationPlatforms) = postSolution
		{F09EAB4D-A9C0-4D5C-B97F-0A40EFF87266}.Debug|Any CPU.ActiveCfg = Debug|Any CPU
		{F09EAB4D-A9C0-4D5C-B97F-0A40EFF87266}.Debug|Any CPU.Build.0 = Debug|Any CPU
		{F09EAB4D-A9C0-4D5C-B97F-0A40EFF87266}.Release|Any CPU.ActiveCfg = Release|Any CPU
		{F09EAB4D-A9C0-4D5C-B97F-0A40EFF87266}.Release|Any CPU.Build.0 = Release|Any CPU
		{3B7A10F5-6917-40FD-8494-0FB21FAF175B}.Debug|Any CPU.ActiveCfg = Debug|Any CPU
		{3B7A10F5-6917-40FD-8494-0FB21FAF175B}.Debug|Any CPU.Build.0 = Debug|Any CPU
		{3B7A10F5-6917-40FD-8494-0FB21FAF175B}.Release|Any CPU.ActiveCfg = Release|Any CPU
		{3B7A10F5-6917-40FD-8494-0FB21FAF175B}.Release|Any CPU.Build.0 = Release|Any CPU
	EndGlobalSection
	GlobalSection(SolutionProperties) = preSolution
		HideSolutionNode = FALSE
	EndGlobalSection
	GlobalSection(ExtensibilityGlobals) = postSolution
		SolutionGuid = {DD72B9C8-DD61-4D30-B65F-EFBAAE07191C}
	EndGlobalSection
EndGlobal
