
Microsoft Visual Studio Solution File, Format Version 12.00
# Visual Studio Version 16
VisualStudioVersion = 16.0.29102.190
MinimumVisualStudioVersion = 10.0.40219.1
Project("{FAE04EC0-301F-11D3-BF4B-00C04F79EFBC}") = "Arrays", "Arrays\Arrays.csproj", "{80E417A2-9B89-4273-B3BF-F2B3650A26DF}"
EndProject
Global
	GlobalSection(SolutionConfigurationPlatforms) = preSolution
		Debug|Any CPU = Debug|Any CPU
		Release|Any CPU = Release|Any CPU
	EndGlobalSection
	GlobalSection(ProjectConfigurationPlatforms) = postSolution
		{80E417A2-9B89-4273-B3BF-F2B3650A26DF}.Debug|Any CPU.ActiveCfg = Debug|Any CPU
		{80E417A2-9B89-4273-B3BF-F2B3650A26DF}.Debug|Any CPU.Build.0 = Debug|Any CPU
		{80E417A2-9B89-4273-B3BF-F2B3650A26DF}.Release|Any CPU.ActiveCfg = Release|Any CPU
		{80E417A2-9B89-4273-B3BF-F2B3650A26DF}.Release|Any CPU.Build.0 = Release|Any CPU
	EndGlobalSection
	GlobalSection(SolutionProperties) = preSolution
		HideSolutionNode = FALSE
	EndGlobalSection
	GlobalSection(ExtensibilityGlobals) = postSolution
		SolutionGuid = {6D8CB30C-8637-4609-8C2F-47CD14BB105B}
	EndGlobalSection
EndGlobal
