
Microsoft Visual Studio Solution File, Format Version 12.00
# Visual Studio Version 16
VisualStudioVersion = 16.0.29418.71
MinimumVisualStudioVersion = 10.0.40219.1
Project("{FAE04EC0-301F-11D3-BF4B-00C04F79EFBC}") = "Stack", "Stack\Stack.csproj", "{9B7DB6A3-4B30-4C33-AEBB-824A8F1B539A}"
EndProject
Global
	GlobalSection(SolutionConfigurationPlatforms) = preSolution
		Debug|Any CPU = Debug|Any CPU
		Release|Any CPU = Release|Any CPU
	EndGlobalSection
	GlobalSection(ProjectConfigurationPlatforms) = postSolution
		{9B7DB6A3-4B30-4C33-AEBB-824A8F1B539A}.Debug|Any CPU.ActiveCfg = Debug|Any CPU
		{9B7DB6A3-4B30-4C33-AEBB-824A8F1B539A}.Debug|Any CPU.Build.0 = Debug|Any CPU
		{9B7DB6A3-4B30-4C33-AEBB-824A8F1B539A}.Release|Any CPU.ActiveCfg = Release|Any CPU
		{9B7DB6A3-4B30-4C33-AEBB-824A8F1B539A}.Release|Any CPU.Build.0 = Release|Any CPU
	EndGlobalSection
	GlobalSection(SolutionProperties) = preSolution
		HideSolutionNode = FALSE
	EndGlobalSection
	GlobalSection(ExtensibilityGlobals) = postSolution
		SolutionGuid = {DEB4EB8A-6573-410B-B1BF-029683853174}
	EndGlobalSection
EndGlobal
