
Microsoft Visual Studio Solution File, Format Version 12.00
# Visual Studio Version 16
VisualStudioVersion = 16.0.29418.71
MinimumVisualStudioVersion = 10.0.40219.1
Project("{FAE04EC0-301F-11D3-BF4B-00C04F79EFBC}") = "CarDash", "CarDash\CarDash.csproj", "{ECE73F80-15F3-4EDB-8365-9FC2D4D259BC}"
EndProject
Global
	GlobalSection(SolutionConfigurationPlatforms) = preSolution
		Debug|Any CPU = Debug|Any CPU
		Release|Any CPU = Release|Any CPU
	EndGlobalSection
	GlobalSection(ProjectConfigurationPlatforms) = postSolution
		{ECE73F80-15F3-4EDB-8365-9FC2D4D259BC}.Debug|Any CPU.ActiveCfg = Debug|Any CPU
		{ECE73F80-15F3-4EDB-8365-9FC2D4D259BC}.Debug|Any CPU.Build.0 = Debug|Any CPU
		{ECE73F80-15F3-4EDB-8365-9FC2D4D259BC}.Release|Any CPU.ActiveCfg = Release|Any CPU
		{ECE73F80-15F3-4EDB-8365-9FC2D4D259BC}.Release|Any CPU.Build.0 = Release|Any CPU
	EndGlobalSection
	GlobalSection(SolutionProperties) = preSolution
		HideSolutionNode = FALSE
	EndGlobalSection
	GlobalSection(ExtensibilityGlobals) = postSolution
		SolutionGuid = {7C753D02-2BF7-4E9D-B08A-3B6CFFF55C0B}
	EndGlobalSection
EndGlobal
