
Microsoft Visual Studio Solution File, Format Version 12.00
# Visual Studio Version 16
VisualStudioVersion = 16.0.29411.108
MinimumVisualStudioVersion = 10.0.40219.1
Project("{FAE04EC0-301F-11D3-BF4B-00C04F79EFBC}") = "SudokuAlt", "SudokuAlt\SudokuAlt.csproj", "{423A6D15-B11C-4058-82BF-9385C9C48CDB}"
EndProject
Global
	GlobalSection(SolutionConfigurationPlatforms) = preSolution
		Debug|Any CPU = Debug|Any CPU
		Release|Any CPU = Release|Any CPU
	EndGlobalSection
	GlobalSection(ProjectConfigurationPlatforms) = postSolution
		{423A6D15-B11C-4058-82BF-9385C9C48CDB}.Debug|Any CPU.ActiveCfg = Debug|Any CPU
		{423A6D15-B11C-4058-82BF-9385C9C48CDB}.Debug|Any CPU.Build.0 = Debug|Any CPU
		{423A6D15-B11C-4058-82BF-9385C9C48CDB}.Release|Any CPU.ActiveCfg = Release|Any CPU
		{423A6D15-B11C-4058-82BF-9385C9C48CDB}.Release|Any CPU.Build.0 = Release|Any CPU
	EndGlobalSection
	GlobalSection(SolutionProperties) = preSolution
		HideSolutionNode = FALSE
	EndGlobalSection
	GlobalSection(ExtensibilityGlobals) = postSolution
		SolutionGuid = {1D36F556-2E7B-42B1-AD7F-6D0CC1B56B00}
	EndGlobalSection
EndGlobal
