
Microsoft Visual Studio Solution File, Format Version 12.00
# Visual Studio Version 16
VisualStudioVersion = 16.0.29102.190
MinimumVisualStudioVersion = 10.0.40219.1
Project("{FAE04EC0-301F-11D3-BF4B-00C04F79EFBC}") = "Exercises", "Exercises\Exercises.csproj", "{66430DCD-ECA4-4FE3-845E-1C1455AA39D4}"
EndProject
Global
	GlobalSection(SolutionConfigurationPlatforms) = preSolution
		Debug|Any CPU = Debug|Any CPU
		Release|Any CPU = Release|Any CPU
	EndGlobalSection
	GlobalSection(ProjectConfigurationPlatforms) = postSolution
		{66430DCD-ECA4-4FE3-845E-1C1455AA39D4}.Debug|Any CPU.ActiveCfg = Debug|Any CPU
		{66430DCD-ECA4-4FE3-845E-1C1455AA39D4}.Debug|Any CPU.Build.0 = Debug|Any CPU
		{66430DCD-ECA4-4FE3-845E-1C1455AA39D4}.Release|Any CPU.ActiveCfg = Release|Any CPU
		{66430DCD-ECA4-4FE3-845E-1C1455AA39D4}.Release|Any CPU.Build.0 = Release|Any CPU
	EndGlobalSection
	GlobalSection(SolutionProperties) = preSolution
		HideSolutionNode = FALSE
	EndGlobalSection
	GlobalSection(ExtensibilityGlobals) = postSolution
		SolutionGuid = {02F1AE18-EBF2-4B56-A9C1-74B1183B35C3}
	EndGlobalSection
EndGlobal
