
Microsoft Visual Studio Solution File, Format Version 12.00
# Visual Studio Version 16
VisualStudioVersion = 16.0.29102.190
MinimumVisualStudioVersion = 10.0.40219.1
Project("{FAE04EC0-301F-11D3-BF4B-00C04F79EFBC}") = "CardDeckPrgm", "CardDeckPrgm\CardDeckPrgm.csproj", "{B620AAFE-A3E8-4D31-893C-672235415BCC}"
EndProject
Global
	GlobalSection(SolutionConfigurationPlatforms) = preSolution
		Debug|Any CPU = Debug|Any CPU
		Release|Any CPU = Release|Any CPU
	EndGlobalSection
	GlobalSection(ProjectConfigurationPlatforms) = postSolution
		{B620AAFE-A3E8-4D31-893C-672235415BCC}.Debug|Any CPU.ActiveCfg = Debug|Any CPU
		{B620AAFE-A3E8-4D31-893C-672235415BCC}.Debug|Any CPU.Build.0 = Debug|Any CPU
		{B620AAFE-A3E8-4D31-893C-672235415BCC}.Release|Any CPU.ActiveCfg = Release|Any CPU
		{B620AAFE-A3E8-4D31-893C-672235415BCC}.Release|Any CPU.Build.0 = Release|Any CPU
	EndGlobalSection
	GlobalSection(SolutionProperties) = preSolution
		HideSolutionNode = FALSE
	EndGlobalSection
	GlobalSection(ExtensibilityGlobals) = postSolution
		SolutionGuid = {D97DF448-7375-4A95-B05F-57FD7EEE8E09}
	EndGlobalSection
EndGlobal
