
Microsoft Visual Studio Solution File, Format Version 12.00
# Visual Studio Version 16
VisualStudioVersion = 16.0.29613.14
MinimumVisualStudioVersion = 10.0.40219.1
Project("{FAE04EC0-301F-11D3-BF4B-00C04F79EFBC}") = "ConsoleFramework", "ConsoleFramework\ConsoleFramework.csproj", "{2A2EB9D7-A3A8-4E1B-A802-3B970728A1E1}"
EndProject
Project("{FAE04EC0-301F-11D3-BF4B-00C04F79EFBC}") = "UnitTestProject1", "UnitTestProject1\UnitTestProject1.csproj", "{EB288111-21A0-405E-8087-E2A8507A1C9C}"
EndProject
Global
	GlobalSection(SolutionConfigurationPlatforms) = preSolution
		Debug|Any CPU = Debug|Any CPU
		Release|Any CPU = Release|Any CPU
	EndGlobalSection
	GlobalSection(ProjectConfigurationPlatforms) = postSolution
		{2A2EB9D7-A3A8-4E1B-A802-3B970728A1E1}.Debug|Any CPU.ActiveCfg = Debug|Any CPU
		{2A2EB9D7-A3A8-4E1B-A802-3B970728A1E1}.Debug|Any CPU.Build.0 = Debug|Any CPU
		{2A2EB9D7-A3A8-4E1B-A802-3B970728A1E1}.Release|Any CPU.ActiveCfg = Release|Any CPU
		{2A2EB9D7-A3A8-4E1B-A802-3B970728A1E1}.Release|Any CPU.Build.0 = Release|Any CPU
		{EB288111-21A0-405E-8087-E2A8507A1C9C}.Debug|Any CPU.ActiveCfg = Debug|Any CPU
		{EB288111-21A0-405E-8087-E2A8507A1C9C}.Debug|Any CPU.Build.0 = Debug|Any CPU
		{EB288111-21A0-405E-8087-E2A8507A1C9C}.Release|Any CPU.ActiveCfg = Release|Any CPU
		{EB288111-21A0-405E-8087-E2A8507A1C9C}.Release|Any CPU.Build.0 = Release|Any CPU
	EndGlobalSection
	GlobalSection(SolutionProperties) = preSolution
		HideSolutionNode = FALSE
	EndGlobalSection
	GlobalSection(ExtensibilityGlobals) = postSolution
		SolutionGuid = {DBF2C446-03B0-492E-A188-ADBDA0AD59A6}
	EndGlobalSection
EndGlobal
