
Microsoft Visual Studio Solution File, Format Version 12.00
# Visual Studio Version 16
VisualStudioVersion = 16.0.29102.190
MinimumVisualStudioVersion = 10.0.40219.1
Project("{FAE04EC0-301F-11D3-BF4B-00C04F79EFBC}") = "ClassExample", "ClassExample\ClassExample.csproj", "{AC2C2F6C-557C-493D-91E3-6229F8D808FE}"
EndProject
Global
	GlobalSection(SolutionConfigurationPlatforms) = preSolution
		Debug|Any CPU = Debug|Any CPU
		Release|Any CPU = Release|Any CPU
	EndGlobalSection
	GlobalSection(ProjectConfigurationPlatforms) = postSolution
		{AC2C2F6C-557C-493D-91E3-6229F8D808FE}.Debug|Any CPU.ActiveCfg = Debug|Any CPU
		{AC2C2F6C-557C-493D-91E3-6229F8D808FE}.Debug|Any CPU.Build.0 = Debug|Any CPU
		{AC2C2F6C-557C-493D-91E3-6229F8D808FE}.Release|Any CPU.ActiveCfg = Release|Any CPU
		{AC2C2F6C-557C-493D-91E3-6229F8D808FE}.Release|Any CPU.Build.0 = Release|Any CPU
	EndGlobalSection
	GlobalSection(SolutionProperties) = preSolution
		HideSolutionNode = FALSE
	EndGlobalSection
	GlobalSection(ExtensibilityGlobals) = postSolution
		SolutionGuid = {A84F779F-3FFD-4426-8544-C856A4412647}
	EndGlobalSection
EndGlobal
