
Microsoft Visual Studio Solution File, Format Version 12.00
# Visual Studio Version 16
VisualStudioVersion = 16.0.29102.190
MinimumVisualStudioVersion = 10.0.40219.1
Project("{FAE04EC0-301F-11D3-BF4B-00C04F79EFBC}") = "Tuesday", "Tuesday\Tuesday.csproj", "{2C35DEF9-5657-4CCF-BEA3-C0839B279341}"
EndProject
Global
	GlobalSection(SolutionConfigurationPlatforms) = preSolution
		Debug|Any CPU = Debug|Any CPU
		Release|Any CPU = Release|Any CPU
	EndGlobalSection
	GlobalSection(ProjectConfigurationPlatforms) = postSolution
		{2C35DEF9-5657-4CCF-BEA3-C0839B279341}.Debug|Any CPU.ActiveCfg = Debug|Any CPU
		{2C35DEF9-5657-4CCF-BEA3-C0839B279341}.Debug|Any CPU.Build.0 = Debug|Any CPU
		{2C35DEF9-5657-4CCF-BEA3-C0839B279341}.Release|Any CPU.ActiveCfg = Release|Any CPU
		{2C35DEF9-5657-4CCF-BEA3-C0839B279341}.Release|Any CPU.Build.0 = Release|Any CPU
	EndGlobalSection
	GlobalSection(SolutionProperties) = preSolution
		HideSolutionNode = FALSE
	EndGlobalSection
	GlobalSection(ExtensibilityGlobals) = postSolution
		SolutionGuid = {646D3767-2781-4971-A458-4A5EB199F888}
	EndGlobalSection
EndGlobal
