
Microsoft Visual Studio Solution File, Format Version 12.00
# Visual Studio Version 16
VisualStudioVersion = 16.0.29102.190
MinimumVisualStudioVersion = 10.0.40219.1
Project("{FAE04EC0-301F-11D3-BF4B-00C04F79EFBC}") = "ClassesIntro", "ClassesIntro\ClassesIntro.csproj", "{DD900F31-CE81-43E3-A197-19081AFBEDFC}"
EndProject
Global
	GlobalSection(SolutionConfigurationPlatforms) = preSolution
		Debug|Any CPU = Debug|Any CPU
		Release|Any CPU = Release|Any CPU
	EndGlobalSection
	GlobalSection(ProjectConfigurationPlatforms) = postSolution
		{DD900F31-CE81-43E3-A197-19081AFBEDFC}.Debug|Any CPU.ActiveCfg = Debug|Any CPU
		{DD900F31-CE81-43E3-A197-19081AFBEDFC}.Debug|Any CPU.Build.0 = Debug|Any CPU
		{DD900F31-CE81-43E3-A197-19081AFBEDFC}.Release|Any CPU.ActiveCfg = Release|Any CPU
		{DD900F31-CE81-43E3-A197-19081AFBEDFC}.Release|Any CPU.Build.0 = Release|Any CPU
	EndGlobalSection
	GlobalSection(SolutionProperties) = preSolution
		HideSolutionNode = FALSE
	EndGlobalSection
	GlobalSection(ExtensibilityGlobals) = postSolution
		SolutionGuid = {60BDB944-59E4-4EFD-9888-BA99E8B4BC06}
	EndGlobalSection
EndGlobal
