
Microsoft Visual Studio Solution File, Format Version 12.00
# Visual Studio Version 16
VisualStudioVersion = 16.0.29728.190
MinimumVisualStudioVersion = 10.0.40219.1
Project("{FAE04EC0-301F-11D3-BF4B-00C04F79EFBC}") = "JCLI", "JCLI\JCLI.csproj", "{1EA8E48B-AB15-4B51-A792-4DB2D17B5665}"
EndProject
Global
	GlobalSection(SolutionConfigurationPlatforms) = preSolution
		Debug|Any CPU = Debug|Any CPU
		Release|Any CPU = Release|Any CPU
	EndGlobalSection
	GlobalSection(ProjectConfigurationPlatforms) = postSolution
		{1EA8E48B-AB15-4B51-A792-4DB2D17B5665}.Debug|Any CPU.ActiveCfg = Debug|Any CPU
		{1EA8E48B-AB15-4B51-A792-4DB2D17B5665}.Debug|Any CPU.Build.0 = Debug|Any CPU
		{1EA8E48B-AB15-4B51-A792-4DB2D17B5665}.Release|Any CPU.ActiveCfg = Release|Any CPU
		{1EA8E48B-AB15-4B51-A792-4DB2D17B5665}.Release|Any CPU.Build.0 = Release|Any CPU
	EndGlobalSection
	GlobalSection(SolutionProperties) = preSolution
		HideSolutionNode = FALSE
	EndGlobalSection
	GlobalSection(ExtensibilityGlobals) = postSolution
		SolutionGuid = {C4D3C5C6-9A26-4C3E-8180-70DD13ABC36D}
	EndGlobalSection
EndGlobal
