
Microsoft Visual Studio Solution File, Format Version 12.00
# Visual Studio Version 16
VisualStudioVersion = 16.0.29418.71
MinimumVisualStudioVersion = 10.0.40219.1
Project("{FAE04EC0-301F-11D3-BF4B-00C04F79EFBC}") = "TV", "TV\TV.csproj", "{DB5CA37B-4AFB-4307-8921-96AF0428C86D}"
EndProject
Global
	GlobalSection(SolutionConfigurationPlatforms) = preSolution
		Debug|Any CPU = Debug|Any CPU
		Release|Any CPU = Release|Any CPU
	EndGlobalSection
	GlobalSection(ProjectConfigurationPlatforms) = postSolution
		{DB5CA37B-4AFB-4307-8921-96AF0428C86D}.Debug|Any CPU.ActiveCfg = Debug|Any CPU
		{DB5CA37B-4AFB-4307-8921-96AF0428C86D}.Debug|Any CPU.Build.0 = Debug|Any CPU
		{DB5CA37B-4AFB-4307-8921-96AF0428C86D}.Release|Any CPU.ActiveCfg = Release|Any CPU
		{DB5CA37B-4AFB-4307-8921-96AF0428C86D}.Release|Any CPU.Build.0 = Release|Any CPU
	EndGlobalSection
	GlobalSection(SolutionProperties) = preSolution
		HideSolutionNode = FALSE
	EndGlobalSection
	GlobalSection(ExtensibilityGlobals) = postSolution
		SolutionGuid = {51F7E80C-13DC-4B4F-9525-E5DA438CC59F}
	EndGlobalSection
EndGlobal
