
Microsoft Visual Studio Solution File, Format Version 12.00
# Visual Studio Version 16
VisualStudioVersion = 16.0.29411.108
MinimumVisualStudioVersion = 10.0.40219.1
Project("{FAE04EC0-301F-11D3-BF4B-00C04F79EFBC}") = "ClarkKard", "CLARKE THING\ClarkKard.csproj", "{CFF29EDA-095D-4631-B64F-D2A93C2894AD}"
EndProject
Global
	GlobalSection(SolutionConfigurationPlatforms) = preSolution
		Debug|Any CPU = Debug|Any CPU
		Release|Any CPU = Release|Any CPU
	EndGlobalSection
	GlobalSection(ProjectConfigurationPlatforms) = postSolution
		{CFF29EDA-095D-4631-B64F-D2A93C2894AD}.Debug|Any CPU.ActiveCfg = Debug|Any CPU
		{CFF29EDA-095D-4631-B64F-D2A93C2894AD}.Debug|Any CPU.Build.0 = Debug|Any CPU
		{CFF29EDA-095D-4631-B64F-D2A93C2894AD}.Release|Any CPU.ActiveCfg = Release|Any CPU
		{CFF29EDA-095D-4631-B64F-D2A93C2894AD}.Release|Any CPU.Build.0 = Release|Any CPU
	EndGlobalSection
	GlobalSection(SolutionProperties) = preSolution
		HideSolutionNode = FALSE
	EndGlobalSection
	GlobalSection(ExtensibilityGlobals) = postSolution
		SolutionGuid = {7927CCFA-6EE6-4AFF-961B-10E570BF8987}
	EndGlobalSection
EndGlobal
