
Microsoft Visual Studio Solution File, Format Version 12.00
# Visual Studio Version 16
VisualStudioVersion = 16.0.29102.190
MinimumVisualStudioVersion = 10.0.40219.1
Project("{FAE04EC0-301F-11D3-BF4B-00C04F79EFBC}") = "ClassIntro", "ClassIntro\ClassIntro.csproj", "{2075FC73-146F-49FE-99EF-B94C8BF55A28}"
EndProject
Global
	GlobalSection(SolutionConfigurationPlatforms) = preSolution
		Debug|Any CPU = Debug|Any CPU
		Release|Any CPU = Release|Any CPU
	EndGlobalSection
	GlobalSection(ProjectConfigurationPlatforms) = postSolution
		{2075FC73-146F-49FE-99EF-B94C8BF55A28}.Debug|Any CPU.ActiveCfg = Debug|Any CPU
		{2075FC73-146F-49FE-99EF-B94C8BF55A28}.Debug|Any CPU.Build.0 = Debug|Any CPU
		{2075FC73-146F-49FE-99EF-B94C8BF55A28}.Release|Any CPU.ActiveCfg = Release|Any CPU
		{2075FC73-146F-49FE-99EF-B94C8BF55A28}.Release|Any CPU.Build.0 = Release|Any CPU
	EndGlobalSection
	GlobalSection(SolutionProperties) = preSolution
		HideSolutionNode = FALSE
	EndGlobalSection
	GlobalSection(ExtensibilityGlobals) = postSolution
		SolutionGuid = {D07BD139-83B3-4653-A438-BF2FBCFA65D7}
	EndGlobalSection
EndGlobal
