
Microsoft Visual Studio Solution File, Format Version 12.00
# Visual Studio Version 16
VisualStudioVersion = 16.0.29102.190
MinimumVisualStudioVersion = 10.0.40219.1
Project("{FAE04EC0-301F-11D3-BF4B-00C04F79EFBC}") = "WindowsFormsApp1", "WindowsFormsApp1\WindowsFormsApp1.csproj", "{FC2E7BC2-8033-4890-909B-11533570B2F6}"
EndProject
Global
	GlobalSection(SolutionConfigurationPlatforms) = preSolution
		Debug|Any CPU = Debug|Any CPU
		Release|Any CPU = Release|Any CPU
	EndGlobalSection
	GlobalSection(ProjectConfigurationPlatforms) = postSolution
		{FC2E7BC2-8033-4890-909B-11533570B2F6}.Debug|Any CPU.ActiveCfg = Debug|Any CPU
		{FC2E7BC2-8033-4890-909B-11533570B2F6}.Debug|Any CPU.Build.0 = Debug|Any CPU
		{FC2E7BC2-8033-4890-909B-11533570B2F6}.Release|Any CPU.ActiveCfg = Release|Any CPU
		{FC2E7BC2-8033-4890-909B-11533570B2F6}.Release|Any CPU.Build.0 = Release|Any CPU
	EndGlobalSection
	GlobalSection(SolutionProperties) = preSolution
		HideSolutionNode = FALSE
	EndGlobalSection
	GlobalSection(ExtensibilityGlobals) = postSolution
		SolutionGuid = {F73E2391-C23A-48F7-A19B-727D0A9864F9}
	EndGlobalSection
EndGlobal
