
Microsoft Visual Studio Solution File, Format Version 12.00
# Visual Studio Version 16
VisualStudioVersion = 16.0.29418.71
MinimumVisualStudioVersion = 10.0.40219.1
Project("{FAE04EC0-301F-11D3-BF4B-00C04F79EFBC}") = "Interfaces", "Interfaces\Interfaces.csproj", "{70FA7E3B-D2E9-4D97-B483-1BEF871E4EAE}"
EndProject
Global
	GlobalSection(SolutionConfigurationPlatforms) = preSolution
		Debug|Any CPU = Debug|Any CPU
		Release|Any CPU = Release|Any CPU
	EndGlobalSection
	GlobalSection(ProjectConfigurationPlatforms) = postSolution
		{70FA7E3B-D2E9-4D97-B483-1BEF871E4EAE}.Debug|Any CPU.ActiveCfg = Debug|Any CPU
		{70FA7E3B-D2E9-4D97-B483-1BEF871E4EAE}.Debug|Any CPU.Build.0 = Debug|Any CPU
		{70FA7E3B-D2E9-4D97-B483-1BEF871E4EAE}.Release|Any CPU.ActiveCfg = Release|Any CPU
		{70FA7E3B-D2E9-4D97-B483-1BEF871E4EAE}.Release|Any CPU.Build.0 = Release|Any CPU
	EndGlobalSection
	GlobalSection(SolutionProperties) = preSolution
		HideSolutionNode = FALSE
	EndGlobalSection
	GlobalSection(ExtensibilityGlobals) = postSolution
		SolutionGuid = {5178F269-CAAC-4A6D-9907-20835B986B25}
	EndGlobalSection
EndGlobal
