
Microsoft Visual Studio Solution File, Format Version 12.00
# Visual Studio Version 16
VisualStudioVersion = 16.0.29102.190
MinimumVisualStudioVersion = 10.0.40219.1
Project("{FAE04EC0-301F-11D3-BF4B-00C04F79EFBC}") = "MethodQuiz", "MethodQuiz\MethodQuiz.csproj", "{10BB2365-CECB-40BD-8CEB-AC21F6B9BE12}"
EndProject
Global
	GlobalSection(SolutionConfigurationPlatforms) = preSolution
		Debug|Any CPU = Debug|Any CPU
		Release|Any CPU = Release|Any CPU
	EndGlobalSection
	GlobalSection(ProjectConfigurationPlatforms) = postSolution
		{10BB2365-CECB-40BD-8CEB-AC21F6B9BE12}.Debug|Any CPU.ActiveCfg = Debug|Any CPU
		{10BB2365-CECB-40BD-8CEB-AC21F6B9BE12}.Debug|Any CPU.Build.0 = Debug|Any CPU
		{10BB2365-CECB-40BD-8CEB-AC21F6B9BE12}.Release|Any CPU.ActiveCfg = Release|Any CPU
		{10BB2365-CECB-40BD-8CEB-AC21F6B9BE12}.Release|Any CPU.Build.0 = Release|Any CPU
	EndGlobalSection
	GlobalSection(SolutionProperties) = preSolution
		HideSolutionNode = FALSE
	EndGlobalSection
	GlobalSection(ExtensibilityGlobals) = postSolution
		SolutionGuid = {D1FC02E0-9199-4CF5-BCE6-05B1B4CA0D49}
	EndGlobalSection
EndGlobal
