
Microsoft Visual Studio Solution File, Format Version 12.00
# Visual Studio Version 16
VisualStudioVersion = 16.0.29418.71
MinimumVisualStudioVersion = 10.0.40219.1
Project("{FAE04EC0-301F-11D3-BF4B-00C04F79EFBC}") = "CBeep", "CBeep\CBeep.csproj", "{A8B98CE4-AA60-41EB-BF37-05CB47A77A2E}"
EndProject
Global
	GlobalSection(SolutionConfigurationPlatforms) = preSolution
		Debug|Any CPU = Debug|Any CPU
		Release|Any CPU = Release|Any CPU
	EndGlobalSection
	GlobalSection(ProjectConfigurationPlatforms) = postSolution
		{A8B98CE4-AA60-41EB-BF37-05CB47A77A2E}.Debug|Any CPU.ActiveCfg = Debug|Any CPU
		{A8B98CE4-AA60-41EB-BF37-05CB47A77A2E}.Debug|Any CPU.Build.0 = Debug|Any CPU
		{A8B98CE4-AA60-41EB-BF37-05CB47A77A2E}.Release|Any CPU.ActiveCfg = Release|Any CPU
		{A8B98CE4-AA60-41EB-BF37-05CB47A77A2E}.Release|Any CPU.Build.0 = Release|Any CPU
	EndGlobalSection
	GlobalSection(SolutionProperties) = preSolution
		HideSolutionNode = FALSE
	EndGlobalSection
	GlobalSection(ExtensibilityGlobals) = postSolution
		SolutionGuid = {3B859348-B629-4003-B450-BDAB72481334}
	EndGlobalSection
EndGlobal
