
Microsoft Visual Studio Solution File, Format Version 12.00
# Visual Studio Version 16
VisualStudioVersion = 16.0.29102.190
MinimumVisualStudioVersion = 10.0.40219.1
Project("{FAE04EC0-301F-11D3-BF4B-00C04F79EFBC}") = "HelloConsole", "HelloConsole\HelloConsole.csproj", "{C9A47470-B669-40F2-A0E4-11C8F7B87CDF}"
EndProject
Project("{FAE04EC0-301F-11D3-BF4B-00C04F79EFBC}") = "MarrysConsole", "..\MarrysConsole\MarrysConsole.csproj", "{60D89C56-35FA-4508-9317-2115B89FA8EE}"
EndProject
Global
	GlobalSection(SolutionConfigurationPlatforms) = preSolution
		Debug|Any CPU = Debug|Any CPU
		Release|Any CPU = Release|Any CPU
	EndGlobalSection
	GlobalSection(ProjectConfigurationPlatforms) = postSolution
		{C9A47470-B669-40F2-A0E4-11C8F7B87CDF}.Debug|Any CPU.ActiveCfg = Debug|Any CPU
		{C9A47470-B669-40F2-A0E4-11C8F7B87CDF}.Debug|Any CPU.Build.0 = Debug|Any CPU
		{C9A47470-B669-40F2-A0E4-11C8F7B87CDF}.Release|Any CPU.ActiveCfg = Release|Any CPU
		{C9A47470-B669-40F2-A0E4-11C8F7B87CDF}.Release|Any CPU.Build.0 = Release|Any CPU
		{60D89C56-35FA-4508-9317-2115B89FA8EE}.Debug|Any CPU.ActiveCfg = Debug|Any CPU
		{60D89C56-35FA-4508-9317-2115B89FA8EE}.Debug|Any CPU.Build.0 = Debug|Any CPU
		{60D89C56-35FA-4508-9317-2115B89FA8EE}.Release|Any CPU.ActiveCfg = Release|Any CPU
		{60D89C56-35FA-4508-9317-2115B89FA8EE}.Release|Any CPU.Build.0 = Release|Any CPU
	EndGlobalSection
	GlobalSection(SolutionProperties) = preSolution
		HideSolutionNode = FALSE
	EndGlobalSection
	GlobalSection(ExtensibilityGlobals) = postSolution
		SolutionGuid = {0FF2DB90-594F-48D6-9877-9D28DDBD8340}
	EndGlobalSection
EndGlobal
