
Microsoft Visual Studio Solution File, Format Version 12.00
# Visual Studio Version 16
VisualStudioVersion = 16.0.29806.167
MinimumVisualStudioVersion = 10.0.40219.1
Project("{FAE04EC0-301F-11D3-BF4B-00C04F79EFBC}") = "CollegeParkAutoParts2", "CollegeParkAutoParts2\CollegeParkAutoParts2.csproj", "{3C366A4C-3675-41BF-B5A2-183F40CD6E56}"
EndProject
Global
	GlobalSection(SolutionConfigurationPlatforms) = preSolution
		Debug|Any CPU = Debug|Any CPU
		Release|Any CPU = Release|Any CPU
	EndGlobalSection
	GlobalSection(ProjectConfigurationPlatforms) = postSolution
		{3C366A4C-3675-41BF-B5A2-183F40CD6E56}.Debug|Any CPU.ActiveCfg = Debug|Any CPU
		{3C366A4C-3675-41BF-B5A2-183F40CD6E56}.Debug|Any CPU.Build.0 = Debug|Any CPU
		{3C366A4C-3675-41BF-B5A2-183F40CD6E56}.Release|Any CPU.ActiveCfg = Release|Any CPU
		{3C366A4C-3675-41BF-B5A2-183F40CD6E56}.Release|Any CPU.Build.0 = Release|Any CPU
	EndGlobalSection
	GlobalSection(SolutionProperties) = preSolution
		HideSolutionNode = FALSE
	EndGlobalSection
	GlobalSection(ExtensibilityGlobals) = postSolution
		SolutionGuid = {F3A9CFD6-8643-4300-8C2A-2F52948A49F1}
	EndGlobalSection
EndGlobal
