
Microsoft Visual Studio Solution File, Format Version 12.00
# Visual Studio Version 16
VisualStudioVersion = 16.0.29411.108
MinimumVisualStudioVersion = 10.0.40219.1
Project("{FAE04EC0-301F-11D3-BF4B-00C04F79EFBC}") = "CollegeParkAutoParts2", "CollegeParkAutoParts2\CollegeParkAutoParts2.csproj", "{7764412A-B887-47A3-8C8E-2EEB88D66934}"
EndProject
Global
	GlobalSection(SolutionConfigurationPlatforms) = preSolution
		Debug|Any CPU = Debug|Any CPU
		Release|Any CPU = Release|Any CPU
	EndGlobalSection
	GlobalSection(ProjectConfigurationPlatforms) = postSolution
		{7764412A-B887-47A3-8C8E-2EEB88D66934}.Debug|Any CPU.ActiveCfg = Debug|Any CPU
		{7764412A-B887-47A3-8C8E-2EEB88D66934}.Debug|Any CPU.Build.0 = Debug|Any CPU
		{7764412A-B887-47A3-8C8E-2EEB88D66934}.Release|Any CPU.ActiveCfg = Release|Any CPU
		{7764412A-B887-47A3-8C8E-2EEB88D66934}.Release|Any CPU.Build.0 = Release|Any CPU
	EndGlobalSection
	GlobalSection(SolutionProperties) = preSolution
		HideSolutionNode = FALSE
	EndGlobalSection
	GlobalSection(ExtensibilityGlobals) = postSolution
		SolutionGuid = {E2809B8E-D5EE-4237-B182-D9EA8DD18E30}
	EndGlobalSection
EndGlobal
